
Microsoft Visual Studio Solution File, Format Version 12.00
# Visual Studio Version 17
VisualStudioVersion = 17.5.33516.290
MinimumVisualStudioVersion = 10.0.40219.1
Project("{9A19103F-16F7-4668-BE54-9A1E7A4F7556}") = "WorkAround", "WorkAround\WorkAround.csproj", "{2D4B00BA-DFF7-4E5F-B745-64EE99F7CB9D}"
EndProject
Project("{9A19103F-16F7-4668-BE54-9A1E7A4F7556}") = "Entities", "Entities\Entities.csproj", "{BA44387A-AB4A-4A41-854A-1BAB7727B64F}"
EndProject
Project("{FAE04EC0-301F-11D3-BF4B-00C04F79EFBC}") = "Business", "Business\Business.csproj", "{7EB39ABB-668F-441B-B69D-C46F8C614391}"
EndProject
Global
	GlobalSection(SolutionConfigurationPlatforms) = preSolution
		Debug|Any CPU = Debug|Any CPU
		Release|Any CPU = Release|Any CPU
	EndGlobalSection
	GlobalSection(ProjectConfigurationPlatforms) = postSolution
		{2D4B00BA-DFF7-4E5F-B745-64EE99F7CB9D}.Debug|Any CPU.ActiveCfg = Debug|Any CPU
		{2D4B00BA-DFF7-4E5F-B745-64EE99F7CB9D}.Debug|Any CPU.Build.0 = Debug|Any CPU
		{2D4B00BA-DFF7-4E5F-B745-64EE99F7CB9D}.Release|Any CPU.ActiveCfg = Release|Any CPU
		{2D4B00BA-DFF7-4E5F-B745-64EE99F7CB9D}.Release|Any CPU.Build.0 = Release|Any CPU
		{BA44387A-AB4A-4A41-854A-1BAB7727B64F}.Debug|Any CPU.ActiveCfg = Debug|Any CPU
		{BA44387A-AB4A-4A41-854A-1BAB7727B64F}.Debug|Any CPU.Build.0 = Debug|Any CPU
		{BA44387A-AB4A-4A41-854A-1BAB7727B64F}.Release|Any CPU.ActiveCfg = Release|Any CPU
		{BA44387A-AB4A-4A41-854A-1BAB7727B64F}.Release|Any CPU.Build.0 = Release|Any CPU
		{7EB39ABB-668F-441B-B69D-C46F8C614391}.Debug|Any CPU.ActiveCfg = Debug|Any CPU
		{7EB39ABB-668F-441B-B69D-C46F8C614391}.Debug|Any CPU.Build.0 = Debug|Any CPU
		{7EB39ABB-668F-441B-B69D-C46F8C614391}.Release|Any CPU.ActiveCfg = Release|Any CPU
		{7EB39ABB-668F-441B-B69D-C46F8C614391}.Release|Any CPU.Build.0 = Release|Any CPU
	EndGlobalSection
	GlobalSection(SolutionProperties) = preSolution
		HideSolutionNode = FALSE
	EndGlobalSection
	GlobalSection(ExtensibilityGlobals) = postSolution
		SolutionGuid = {8994271C-6FD3-42CA-B372-A3E7B74EB240}
	EndGlobalSection
EndGlobal
